Microsoft Visual Studio Solution File, Format Version 8.00
Project("{8BC9CEB8-8B4A-11D0-8D11-00A0C91BC942}") = "mix", "mix.vcproj", "{075AD568-26A6-4C0F-9D78-60E6BA2FD7CC}"
	ProjectSection(ProjectDependencies) = postProject
		{BE1E2A5D-7460-4F06-AEEB-9443B1EE1844} = {BE1E2A5D-7460-4F06-AEEB-9443B1EE1844}
	EndProjectSection
EndProject
Project("{8BC9CEB8-8B4A-11D0-8D11-00A0C91BC942}") = "mixlib", "mixlib.vcproj", "{BE1E2A5D-7460-4F06-AEEB-9443B1EE1844}"
	ProjectSection(ProjectDependencies) = postProject
		{FC9B2030-6750-4272-87C9-6E46AB029F69} = {FC9B2030-6750-4272-87C9-6E46AB029F69}
		{F587947F-949D-4AD6-A527-3A34918741B5} = {F587947F-949D-4AD6-A527-3A34918741B5}
		{6A9ECAB3-1CA6-4E2A-8A15-F8AE459BB174} = {6A9ECAB3-1CA6-4E2A-8A15-F8AE459BB174}
	EndProjectSection
EndProject
Project("{8BC9CEB8-8B4A-11D0-8D11-00A0C91BC942}") = "pcre", "Pcre.vcproj", "{FC9B2030-6750-4272-87C9-6E46AB029F69}"
	ProjectSection(ProjectDependencies) = postProject
		{63F7F010-3302-4329-A9AC-9739FC57EC51} = {63F7F010-3302-4329-A9AC-9739FC57EC51}
	EndProjectSection
EndProject
Project("{8BC9CEB8-8B4A-11D0-8D11-00A0C91BC942}") = "pcre_chartables", "Pcre_Chartables.vcproj", "{63F7F010-3302-4329-A9AC-9739FC57EC51}"
	ProjectSection(ProjectDependencies) = postProject
	EndProjectSection
EndProject
Project("{8BC9CEB8-8B4A-11D0-8D11-00A0C91BC942}") = "zlib", "zlib.vcproj", "{6A9ECAB3-1CA6-4E2A-8A15-F8AE459BB174}"
	ProjectSection(ProjectDependencies) = postProject
	EndProjectSection
EndProject
Project("{8BC9CEB8-8B4A-11D0-8D11-00A0C91BC942}") = "pdcurses", "pdcurses.vcproj", "{F587947F-949D-4AD6-A527-3A34918741B5}"
	ProjectSection(ProjectDependencies) = postProject
	EndProjectSection
EndProject
Global
	GlobalSection(SolutionConfiguration) = preSolution
		Debug = Debug
		Release = Release
		Release Static = Release Static
	EndGlobalSection
	GlobalSection(ProjectConfiguration) = postSolution
		{075AD568-26A6-4C0F-9D78-60E6BA2FD7CC}.Debug.ActiveCfg = Release Static|Win32
		{075AD568-26A6-4C0F-9D78-60E6BA2FD7CC}.Debug.Build.0 = Release Static|Win32
		{075AD568-26A6-4C0F-9D78-60E6BA2FD7CC}.Release.ActiveCfg = Release|Win32
		{075AD568-26A6-4C0F-9D78-60E6BA2FD7CC}.Release.Build.0 = Release|Win32
		{075AD568-26A6-4C0F-9D78-60E6BA2FD7CC}.Release Static.ActiveCfg = Release Static|Win32
		{075AD568-26A6-4C0F-9D78-60E6BA2FD7CC}.Release Static.Build.0 = Release Static|Win32
		{BE1E2A5D-7460-4F06-AEEB-9443B1EE1844}.Debug.ActiveCfg = Release|Win32
		{BE1E2A5D-7460-4F06-AEEB-9443B1EE1844}.Debug.Build.0 = Release|Win32
		{BE1E2A5D-7460-4F06-AEEB-9443B1EE1844}.Release.ActiveCfg = Release|Win32
		{BE1E2A5D-7460-4F06-AEEB-9443B1EE1844}.Release.Build.0 = Release|Win32
		{BE1E2A5D-7460-4F06-AEEB-9443B1EE1844}.Release Static.ActiveCfg = Release|Win32
		{BE1E2A5D-7460-4F06-AEEB-9443B1EE1844}.Release Static.Build.0 = Release|Win32
		{FC9B2030-6750-4272-87C9-6E46AB029F69}.Debug.ActiveCfg = Release|Win32
		{FC9B2030-6750-4272-87C9-6E46AB029F69}.Debug.Build.0 = Release|Win32
		{FC9B2030-6750-4272-87C9-6E46AB029F69}.Release.ActiveCfg = Release|Win32
		{FC9B2030-6750-4272-87C9-6E46AB029F69}.Release.Build.0 = Release|Win32
		{FC9B2030-6750-4272-87C9-6E46AB029F69}.Release Static.ActiveCfg = Release|Win32
		{FC9B2030-6750-4272-87C9-6E46AB029F69}.Release Static.Build.0 = Release|Win32
		{63F7F010-3302-4329-A9AC-9739FC57EC51}.Debug.ActiveCfg = Release|Win32
		{63F7F010-3302-4329-A9AC-9739FC57EC51}.Debug.Build.0 = Release|Win32
		{63F7F010-3302-4329-A9AC-9739FC57EC51}.Release.ActiveCfg = Release|Win32
		{63F7F010-3302-4329-A9AC-9739FC57EC51}.Release.Build.0 = Release|Win32
		{63F7F010-3302-4329-A9AC-9739FC57EC51}.Release Static.ActiveCfg = Release|Win32
		{63F7F010-3302-4329-A9AC-9739FC57EC51}.Release Static.Build.0 = Release|Win32
		{6A9ECAB3-1CA6-4E2A-8A15-F8AE459BB174}.Debug.ActiveCfg = Release|Win32
		{6A9ECAB3-1CA6-4E2A-8A15-F8AE459BB174}.Debug.Build.0 = Release|Win32
		{6A9ECAB3-1CA6-4E2A-8A15-F8AE459BB174}.Release.ActiveCfg = Release|Win32
		{6A9ECAB3-1CA6-4E2A-8A15-F8AE459BB174}.Release.Build.0 = Release|Win32
		{6A9ECAB3-1CA6-4E2A-8A15-F8AE459BB174}.Release Static.ActiveCfg = Release|Win32
		{6A9ECAB3-1CA6-4E2A-8A15-F8AE459BB174}.Release Static.Build.0 = Release|Win32
		{F587947F-949D-4AD6-A527-3A34918741B5}.Debug.ActiveCfg = Release|Win32
		{F587947F-949D-4AD6-A527-3A34918741B5}.Debug.Build.0 = Release|Win32
		{F587947F-949D-4AD6-A527-3A34918741B5}.Release.ActiveCfg = Release|Win32
		{F587947F-949D-4AD6-A527-3A34918741B5}.Release.Build.0 = Release|Win32
		{F587947F-949D-4AD6-A527-3A34918741B5}.Release Static.ActiveCfg = Release|Win32
		{F587947F-949D-4AD6-A527-3A34918741B5}.Release Static.Build.0 = Release|Win32
	EndGlobalSection
	GlobalSection(ExtensibilityGlobals) = postSolution
	EndGlobalSection
	GlobalSection(ExtensibilityAddIns) = postSolution
	EndGlobalSection
EndGlobal
